
Microsoft Visual Studio Solution File, Format Version 12.00
# Visual Studio 14
VisualStudioVersion = 14.0.22823.1
MinimumVisualStudioVersion = 10.0.40219.1
Project("{FAE04EC0-301F-11D3-BF4B-00C04F79EFBC}") = "CS-ASP_015", "CS-ASP_015\CS-ASP_015.csproj", "{16844B40-C3B9-4028-9C2A-1FE9F0076B47}"
EndProject
Global
	GlobalSection(SolutionConfigurationPlatforms) = preSolution
		Debug|Any CPU = Debug|Any CPU
		Release|Any CPU = Release|Any CPU
	EndGlobalSection
	GlobalSection(ProjectConfigurationPlatforms) = postSolution
		{16844B40-C3B9-4028-9C2A-1FE9F0076B47}.Debug|Any CPU.ActiveCfg = Debug|Any CPU
		{16844B40-C3B9-4028-9C2A-1FE9F0076B47}.Debug|Any CPU.Build.0 = Debug|Any CPU
		{16844B40-C3B9-4028-9C2A-1FE9F0076B47}.Release|Any CPU.ActiveCfg = Release|Any CPU
		{16844B40-C3B9-4028-9C2A-1FE9F0076B47}.Release|Any CPU.Build.0 = Release|Any CPU
	EndGlobalSection
	GlobalSection(SolutionProperties) = preSolution
		HideSolutionNode = FALSE
	EndGlobalSection
EndGlobal
